
Microsoft Visual Studio Solution File, Format Version 12.00
# Visual Studio 15
VisualStudioVersion = 15.0.28010.2036
MinimumVisualStudioVersion = 10.0.40219.1
Project("{FAE04EC0-301F-11D3-BF4B-00C04F79EFBC}") = "RobotProgram", "RobotProgram\RobotProgram.csproj", "{6C6D3C3F-50F5-489E-91A2-6DB84BD7EE51}"
EndProject
Global
	GlobalSection(SolutionConfigurationPlatforms) = preSolution
		Debug|Any CPU = Debug|Any CPU
		Release|Any CPU = Release|Any CPU
	EndGlobalSection
	GlobalSection(ProjectConfigurationPlatforms) = postSolution
		{6C6D3C3F-50F5-489E-91A2-6DB84BD7EE51}.Debug|Any CPU.ActiveCfg = Debug|Any CPU
		{6C6D3C3F-50F5-489E-91A2-6DB84BD7EE51}.Debug|Any CPU.Build.0 = Debug|Any CPU
		{6C6D3C3F-50F5-489E-91A2-6DB84BD7EE51}.Release|Any CPU.ActiveCfg = Release|Any CPU
		{6C6D3C3F-50F5-489E-91A2-6DB84BD7EE51}.Release|Any CPU.Build.0 = Release|Any CPU
	EndGlobalSection
	GlobalSection(SolutionProperties) = preSolution
		HideSolutionNode = FALSE
	EndGlobalSection
	GlobalSection(ExtensibilityGlobals) = postSolution
		SolutionGuid = {6BF7FBFB-D6B9-4D46-9B97-9D64DF85A085}
	EndGlobalSection
EndGlobal
